// !$*UTF8*$!
{
	archiveVersion = 1;
	classes = {
	};
	objectVersion = 77;
	objects = {

/* Begin PBXContainerItemProxy section */
		6F9277D730382CC7007EA6E8 /* PBXContainerItemProxy */ = {
			isa = PBXContainerItemProxy;
			containerPortal = 6F9277BF30382CC6007EA6E8 /* Project object */;
			proxyType = 1;
			remoteGlobalIDString = 6F9277C630382CC6007EA6E8;
			remoteInfo = DogLens;
		};
		6F9277E130382CC7007EA6E8 /* PBXContainerItemProxy */ = {
			isa = PBXContainerItemProxy;
			containerPortal = 6F9277BF30382CC6007EA6E8 /* Project object */;
			proxyType = 1;
			remoteGlobalIDString = 6F9277C630382CC6007EA6E8;
			remoteInfo = DogLens;
		};
/* End PBXContainerItemProxy section */

/* Begin PBXFileReference section */
		6F9277C730382CC6007EA6E8 /* DogLens.app */ = {isa = PBXFileReference; explicitFileType = wrapper.application; includeInIndex = 0; path = DogLens.app; sourceTree = BUILT_PRODUCTS_DIR; };
		6F9277D630382CC7007EA6E8 /* DogLensTests.xctest */ = {isa = PBXFileReference; explicitFileType = wrapper.cfbundle; includeInIndex = 0; path = DogLensTests.xctest; sourceTree = BUILT_PRODUCTS_DIR; };
		6F9277E030382CC7007EA6E8 /* DogLensUITests.xctest */ = {isa = PBXFileReference; explicitFileType = wrapper.cfbundle; includeInIndex = 0; path = DogLensUITests.xctest; sourceTree = BUILT_PRODUCTS_DIR; };
/* End PBXFileReference section */

/* Begin PBXFileSystemSynchronizedBuildFileExceptionSet section */
		6F927806303851BA007EA6E8 /* Exceptions for "DogLens" folder in "DogLensTests" target */ = {
			isa = PBXFileSystemSynchronizedBuildFileExceptionSet;
			membershipExceptions = (
				Resources/Models/DogLensImage.mlpackage,
				Resources/Models/DogLensImagev2.mlpackage,
			);
			target = 6F9277D530382CC7007EA6E8 /* DogLensTests */;
		};
		6F927807303851BA007EA6E8 /* Exceptions for "DogLens" folder in "DogLensUITests" target */ = {
			isa = PBXFileSystemSynchronizedBuildFileExceptionSet;
			membershipExceptions = (
				Resources/Models/DogLensImage.mlpackage,
				Resources/Models/DogLensImagev2.mlpackage,
			);
			target = 6F9277DF30382CC7007EA6E8 /* DogLensUITests */;
		};
/* End PBXFileSystemSynchronizedBuildFileExceptionSet section */

/* Begin PBXFileSystemSynchronizedRootGroup section */
		6F9277C930382CC6007EA6E8 /* DogLens */ = {
			isa = PBXFileSystemSynchronizedRootGroup;
			exceptions = (
				6F927806303851BA007EA6E8 /* Exceptions for "DogLens" folder in "DogLensTests" target */,
				6F927807303851BA007EA6E8 /* Exceptions for "DogLens" folder in "DogLensUITests" target */,
			);
			path = DogLens;
			sourceTree = "<group>";
		};
		6F9277D930382CC7007EA6E8 /* DogLensTests */ = {
			isa = PBXFileSystemSynchronizedRootGroup;
			path = DogLensTests;
			sourceTree = "<group>";
		};
		6F9277E330382CC7007EA6E8 /* DogLensUITests */ = {
			isa = PBXFileSystemSynchronizedRootGroup;
			path = DogLensUITests;
			sourceTree = "<group>";
		};
/* End PBXFileSystemSynchronizedRootGroup section */

/* Begin PBXFrameworksBuildPhase section */
		6F9277C430382CC6007EA6E8 /* Frameworks */ = {
			isa = PBXFrameworksBuildPhase;
			buildActionMask = 2147483647;
			files = (
			);
			runOnlyForDeploymentPostprocessing = 0;
		};
		6F9277D330382CC7007EA6E8 /* Frameworks */ = {
			isa = PBXFrameworksBuildPhase;
			buildActionMask = 2147483647;
			files = (
			);
			runOnlyForDeploymentPostprocessing = 0;
		};
		6F9277DD30382CC7007EA6E8 /* Frameworks */ = {
			isa = PBXFrameworksBuildPhase;
			buildActionMask = 2147483647;
			files = (
			);
			runOnlyForDeploymentPostprocessing = 0;
		};
/* End PBXFrameworksBuildPhase section */

/* Begin PBXGroup section */
		6F9277BE30382CC6007EA6E8 = {
			isa = PBXGroup;
			children = (
				6F9277C930382CC6007EA6E8 /* DogLens */,
				6F9277D930382CC7007EA6E8 /* DogLensTests */,
				6F9277E330382CC7007EA6E8 /* DogLensUITests */,
				6F9277C830382CC6007EA6E8 /* Products */,
			);
			sourceTree = "<group>";
		};
		6F9277C830382CC6007EA6E8 /* Products */ = {
			isa = PBXGroup;
			children = (
				6F9277C730382CC6007EA6E8 /* DogLens.app */,
				6F9277D630382CC7007EA6E8 /* DogLensTests.xctest */,
				6F9277E030382CC7007EA6E8 /* DogLensUITests.xctest */,
			);
			name = Products;
			sourceTree = "<group>";
		};
/* End PBXGroup section */

/* Begin PBXNativeTarget section */
		6F9277C630382CC6007EA6E8 /* DogLens */ = {
			isa = PBXNativeTarget;
			buildConfigurationList = 6F9277EA30382CC7007EA6E8 /* Build configuration list for PBXNativeTarget "DogLens" */;
			buildPhases = (
				6F9277C330382CC6007EA6E8 /* Sources */,
				6F9277C430382CC6007EA6E8 /* Frameworks */,
				6F9277C530382CC6007EA6E8 /* Resources */,
			);
			buildRules = (
			);
			dependencies = (
			);
			fileSystemSynchronizedGroups = (
				6F9277C930382CC6007EA6E8 /* DogLens */,
			);
			name = DogLens;
			productName = DogLens;
			productReference = 6F9277C730382CC6007EA6E8 /* DogLens.app */;
			productType = "com.apple.product-type.application";
		};
		6F9277D530382CC7007EA6E8 /* DogLensTests */ = {
			isa = PBXNativeTarget;
			buildConfigurationList = 6F9277ED30382CC7007EA6E8 /* Build configuration list for PBXNativeTarget "DogLensTests" */;
			buildPhases = (
				6F9277D230382CC7007EA6E8 /* Sources */,
				6F9277D330382CC7007EA6E8 /* Frameworks */,
				6F9277D430382CC7007EA6E8 /* Resources */,
			);
			buildRules = (
			);
			dependencies = (
				6F9277D830382CC7007EA6E8 /* PBXTargetDependency */,
			);
			fileSystemSynchronizedGroups = (
				6F9277D930382CC7007EA6E8 /* DogLensTests */,
			);
			name = DogLensTests;
			productName = DogLensTests;
			productReference = 6F9277D630382CC7007EA6E8 /* DogLensTests.xctest */;
			productType = "com.apple.product-type.bundle.unit-test";
		};
		6F9277DF30382CC7007EA6E8 /* DogLensUITests */ = {
			isa = PBXNativeTarget;
			buildConfigurationList = 6F9277F030382CC7007EA6E8 /* Build configuration list for PBXNativeTarget "DogLensUITests" */;
			buildPhases = (
				6F9277DC30382CC7007EA6E8 /* Sources */,
				6F9277DD30382CC7007EA6E8 /* Frameworks */,
				6F9277DE30382CC7007EA6E8 /* Resources */,
			);
			buildRules = (
			);
			dependencies = (
				6F9277E230382CC7007EA6E8 /* PBXTargetDependency */,
			);
			fileSystemSynchronizedGroups = (
				6F9277E330382CC7007EA6E8 /* DogLensUITests */,
			);
			name = DogLensUITests;
			productName = DogLensUITests;
			productReference = 6F9277E030382CC7007EA6E8 /* DogLensUITests.xctest */;
			productType = "com.apple.product-type.bundle.ui-testing";
		};
/* End PBXNativeTarget section */

/* Begin PBXProject section */
		6F9277BF30382CC6007EA6E8 /* Project object */ = {
			isa = PBXProject;
			attributes = {
				BuildIndependentTargetsInParallel = 1;
				LastSwiftUpdateCheck = 2660;
				LastUpgradeCheck = 2660;
				TargetAttributes = {
					6F9277C630382CC6007EA6E8 = {
						CreatedOnToolsVersion = 26.6;
					};
					6F9277D530382CC7007EA6E8 = {
						CreatedOnToolsVersion = 26.6;
						TestTargetID = 6F9277C630382CC6007EA6E8;
					};
					6F9277DF30382CC7007EA6E8 = {
						CreatedOnToolsVersion = 26.6;
						TestTargetID = 6F9277C630382CC6007EA6E8;
					};
				};
			};
			buildConfigurationList = 6F9277C230382CC6007EA6E8 /* Build configuration list for PBXProject "DogLens" */;
			developmentRegion = en;
			hasScannedForEncodings = 0;
			knownRegions = (
				en,
				Base,
			);
			mainGroup = 6F9277BE30382CC6007EA6E8;
			minimizedProjectReferenceProxies = 1;
			preferredProjectObjectVersion = 77;
			productRefGroup = 6F9277C830382CC6007EA6E8 /* Products */;
			projectDirPath = "";
			projectRoot = "";
			targets = (
				6F9277C630382CC6007EA6E8 /* DogLens */,
				6F9277D530382CC7007EA6E8 /* DogLensTests */,
				6F9277DF30382CC7007EA6E8 /* DogLensUITests */,
			);
		};
/* End PBXProject section */

/* Begin PBXResourcesBuildPhase section */
		6F9277C530382CC6007EA6E8 /* Resources */ = {
			isa = PBXResourcesBuildPhase;
			buildActionMask = 2147483647;
			files = (
			);
			runOnlyForDeploymentPostprocessing = 0;
		};
		6F9277D430382CC7007EA6E8 /* Resources */ = {
			isa = PBXResourcesBuildPhase;
			buildActionMask = 2147483647;
			files = (
			);
			runOnlyForDeploymentPostprocessing = 0;
		};
		6F9277DE30382CC7007EA6E8 /* Resources */ = {
			isa = PBXResourcesBuildPhase;
			buildActionMask = 2147483647;
			files = (
			);
			runOnlyForDeploymentPostprocessing = 0;
		};
/* End PBXResourcesBuildPhase section */

/* Begin PBXSourcesBuildPhase section */
		6F9277C330382CC6007EA6E8 /* Sources */ = {
			isa = PBXSourcesBuildPhase;
			buildActionMask = 2147483647;
			files = (
			);
			runOnlyForDeploymentPostprocessing = 0;
		};
		6F9277D230382CC7007EA6E8 /* Sources */ = {
			isa = PBXSourcesBuildPhase;
			buildActionMask = 2147483647;
			files = (
			);
			runOnlyForDeploymentPostprocessing = 0;
		};
		6F9277DC30382CC7007EA6E8 /* Sources */ = {
			isa = PBXSourcesBuildPhase;
			buildActionMask = 2147483647;
			files = (
			);
			runOnlyForDeploymentPostprocessing = 0;
		};
/* End PBXSourcesBuildPhase section */

/* Begin PBXTargetDependency section */
		6F9277D830382CC7007EA6E8 /* PBXTargetDependency */ = {
			isa = PBXTargetDependency;
			target = 6F9277C630382CC6007EA6E8 /* DogLens */;
			targetProxy = 6F9277D730382CC7007EA6E8 /* PBXContainerItemProxy */;
		};
		6F9277E230382CC7007EA6E8 /* PBXTargetDependency */ = {
			isa = PBXTargetDependency;
			target = 6F9277C630382CC6007EA6E8 /* DogLens */;
			targetProxy = 6F9277E130382CC7007EA6E8 /* PBXContainerItemProxy */;
		};
/* End PBXTargetDependency section */

/* Begin XCBuildConfiguration section */
		6F9277E830382CC7007EA6E8 /* Debug */ = {
			isa = XCBuildConfiguration;
			buildSettings = {
				ALWAYS_SEARCH_USER_PATHS = NO;
				ASSETCATALOG_COMPILER_GENERATE_SWIFT_ASSET_SYMBOL_EXTENSIONS = YES;
				CLANG_ANALYZER_NONNULL = YES;
				CLANG_ANALYZER_NUMBER_OBJECT_CONVERSION = YES_AGGRESSIVE;
				CLANG_CXX_LANGUAGE_STANDARD = "gnu++20";
				CLANG_ENABLE_MODULES = YES;
				CLANG_ENABLE_OBJC_ARC = YES;
				CLANG_ENABLE_OBJC_WEAK = YES;
				CLANG_WARN_BLOCK_CAPTURE_AUTORELEASING = YES;
				CLANG_WARN_BOOL_CONVERSION = YES;
				CLANG_WARN_COMMA = YES;
				CLANG_WARN_CONSTANT_CONVERSION = YES;
				CLANG_WARN_DEPRECATED_OBJC_IMPLEMENTATIONS = YES;
				CLANG_WARN_DIRECT_OBJC_ISA_USAGE = YES_ERROR;
				CLANG_WARN_DOCUMENTATION_COMMENTS = YES;
				CLANG_WARN_EMPTY_BODY = YES;
				CLANG_WARN_ENUM_CONVERSION = YES;
				CLANG_WARN_INFINITE_RECURSION = YES;
				CLANG_WARN_INT_CONVERSION = YES;
				CLANG_WARN_NON_LITERAL_NULL_CONVERSION = YES;
				CLANG_WARN_OBJC_IMPLICIT_RETAIN_SELF = YES;
				CLANG_WARN_OBJC_LITERAL_CONVERSION = YES;
				CLANG_WARN_OBJC_ROOT_CLASS = YES_ERROR;
				CLANG_WARN_QUOTED_INCLUDE_IN_FRAMEWORK_HEADER = YES;
				CLANG_WARN_RANGE_LOOP_ANALYSIS = YES;
				CLANG_WARN_STRICT_PROTOTYPES = YES;
				CLANG_WARN_SUSPICIOUS_MOVE = YES;
				CLANG_WARN_UNGUARDED_AVAILABILITY = YES_AGGRESSIVE;
				CLANG_WARN_UNREACHABLE_CODE = YES;
				CLANG_WARN__DUPLICATE_METHOD_MATCH = YES;
				COPY_PHASE_STRIP = NO;
				DEBUG_INFORMATION_FORMAT = dwarf;
				DEVELOPMENT_TEAM = L82Q8X2NF4;
				ENABLE_STRICT_OBJC_MSGSEND = YES;
				ENABLE_TESTABILITY = YES;
				ENABLE_USER_SCRIPT_SANDBOXING = YES;
				GCC_C_LANGUAGE_STANDARD = gnu17;
				GCC_DYNAMIC_NO_PIC = NO;
				GCC_NO_COMMON_BLOCKS = YES;
				GCC_OPTIMIZATION_LEVEL = 0;
				GCC_PREPROCESSOR_DEFINITIONS = (
					"DEBUG=1",
					"$(inherited)",
				);
				GCC_WARN_64_TO_32_BIT_CONVERSION = YES;
				GCC_WARN_ABOUT_RETURN_TYPE = YES_ERROR;
				GCC_WARN_UNDECLARED_SELECTOR = YES;
				GCC_WARN_UNINITIALIZED_AUTOS = YES_AGGRESSIVE;
				GCC_WARN_UNUSED_FUNCTION = YES;
				GCC_WARN_UNUSED_VARIABLE = YES;
				INFOPLIST_KEY_ITSEncryptionExportComplianceCode = "";
				IPHONEOS_DEPLOYMENT_TARGET = 26.5;
				LOCALIZATION_PREFERS_STRING_CATALOGS = YES;
				MTL_ENABLE_DEBUG_INFO = INCLUDE_SOURCE;
				MTL_FAST_MATH = YES;
				ONLY_ACTIVE_ARCH = YES;
				SDKROOT = iphoneos;
				SWIFT_ACTIVE_COMPILATION_CONDITIONS = "DEBUG $(inherited)";
				SWIFT_OPTIMIZATION_LEVEL = "-Onone";
			};
			name = Debug;
		};
		6F9277E930382CC7007EA6E8 /* Release */ = {
			isa = XCBuildConfiguration;
			buildSettings = {
				ALWAYS_SEARCH_USER_PATHS = NO;
				ASSETCATALOG_COMPILER_GENERATE_SWIFT_ASSET_SYMBOL_EXTENSIONS = YES;
				CLANG_ANALYZER_NONNULL = YES;
				CLANG_ANALYZER_NUMBER_OBJECT_CONVERSION = YES_AGGRESSIVE;
				CLANG_CXX_LANGUAGE_STANDARD = "gnu++20";
				CLANG_ENABLE_MODULES = YES;
				CLANG_ENABLE_OBJC_ARC = YES;
				CLANG_ENABLE_OBJC_WEAK = YES;
				CLANG_WARN_BLOCK_CAPTURE_AUTORELEASING = YES;
				CLANG_WARN_BOOL_CONVERSION = YES;
				CLANG_WARN_COMMA = YES;
				CLANG_WARN_CONSTANT_CONVERSION = YES;
				CLANG_WARN_DEPRECATED_OBJC_IMPLEMENTATIONS = YES;
				CLANG_WARN_DIRECT_OBJC_ISA_USAGE = YES_ERROR;
				CLANG_WARN_DOCUMENTATION_COMMENTS = YES;
				CLANG_WARN_EMPTY_BODY = YES;
				CLANG_WARN_ENUM_CONVERSION = YES;
				CLANG_WARN_INFINITE_RECURSION = YES;
				CLANG_WARN_INT_CONVERSION = YES;
				CLANG_WARN_NON_LITERAL_NULL_CONVERSION = YES;
				CLANG_WARN_OBJC_IMPLICIT_RETAIN_SELF = YES;
				CLANG_WARN_OBJC_LITERAL_CONVERSION = YES;
				CLANG_WARN_OBJC_ROOT_CLASS = YES_ERROR;
				CLANG_WARN_QUOTED_INCLUDE_IN_FRAMEWORK_HEADER = YES;
				CLANG_WARN_RANGE_LOOP_ANALYSIS = YES;
				CLANG_WARN_STRICT_PROTOTYPES = YES;
				CLANG_WARN_SUSPICIOUS_MOVE = YES;
				CLANG_WARN_UNGUARDED_AVAILABILITY = YES_AGGRESSIVE;
				CLANG_WARN_UNREACHABLE_CODE = YES;
				CLANG_WARN__DUPLICATE_METHOD_MATCH = YES;
				COPY_PHASE_STRIP = NO;
				DEBUG_INFORMATION_FORMAT = "dwarf-with-dsym";
				DEVELOPMENT_TEAM = L82Q8X2NF4;
				ENABLE_NS_ASSERTIONS = NO;
				ENABLE_STRICT_OBJC_MSGSEND = YES;
				ENABLE_USER_SCRIPT_SANDBOXING = YES;
				GCC_C_LANGUAGE_STANDARD = gnu17;
				GCC_NO_COMMON_BLOCKS = YES;
				GCC_WARN_64_TO_32_BIT_CONVERSION = YES;
				GCC_WARN_ABOUT_RETURN_TYPE = YES_ERROR;
				GCC_WARN_UNDECLARED_SELECTOR = YES;
				GCC_WARN_UNINITIALIZED_AUTOS = YES_AGGRESSIVE;
				GCC_WARN_UNUSED_FUNCTION = YES;
				GCC_WARN_UNUSED_VARIABLE = YES;
				INFOPLIST_KEY_ITSEncryptionExportComplianceCode = "";
				IPHONEOS_DEPLOYMENT_TARGET = 26.5;
				LOCALIZATION_PREFERS_STRING_CATALOGS = YES;
				MTL_ENABLE_DEBUG_INFO = NO;
				MTL_FAST_MATH = YES;
				SDKROOT = iphoneos;
				SWIFT_COMPILATION_MODE = wholemodule;
				VALIDATE_PRODUCT = YES;
			};
			name = Release;
		};
		6F9277EB30382CC7007EA6E8 /* Debug */ = {
			isa = XCBuildConfiguration;
			buildSettings = {
				ASSETCATALOG_COMPILER_APPICON_NAME = AppIcon;
				ASSETCATALOG_COMPILER_GLOBAL_ACCENT_COLOR_NAME = AccentColor;
				CODE_SIGN_STYLE = Automatic;
				CURRENT_PROJECT_VERSION = 1;
				DEVELOPMENT_TEAM = L82Q8X2NF4;
				ENABLE_PREVIEWS = YES;
				GENERATE_INFOPLIST_FILE = YES;
				INFOPLIST_KEY_ITSAppUsesNonExemptEncryption = NO;
				INFOPLIST_KEY_ITSEncryptionExportComplianceCode = "";
				INFOPLIST_KEY_NSCameraUsageDescription = "\"We need access to your camera to scan dogs.\"";
				INFOPLIST_KEY_NSPhotoLibraryAddUsageDescription = "\"We need access to save annotated images to your library.\"";
				INFOPLIST_KEY_NSPhotoLibraryUsageDescription = "\"We need access to your photos to scan dog images.\"";
				INFOPLIST_KEY_UIApplicationSceneManifest_Generation = YES;
				INFOPLIST_KEY_UIApplicationSupportsIndirectInputEvents = YES;
				INFOPLIST_KEY_UILaunchScreen_Generation = YES;
				INFOPLIST_KEY_UISupportedInterfaceOrientations_iPad = "UIInterfaceOrientationPortrait UIInterfaceOrientationPortraitUpsideDown UIInterfaceOrientationLandscapeLeft UIInterfaceOrientationLandscapeRight";
				INFOPLIST_KEY_UISupportedInterfaceOrientations_iPhone = "UIInterfaceOrientationPortrait UIInterfaceOrientationLandscapeLeft UIInterfaceOrientationLandscapeRight";
				LD_RUNPATH_SEARCH_PATHS = (
					"$(inherited)",
					"@executable_path/Frameworks",
				);
				MARKETING_VERSION = 1.0;
				PRODUCT_BUNDLE_IDENTIFIER = com.DogLens;
				PRODUCT_NAME = "$(TARGET_NAME)";
				STRING_CATALOG_GENERATE_SYMBOLS = YES;
				SWIFT_APPROACHABLE_CONCURRENCY = YES;
				SWIFT_DEFAULT_ACTOR_ISOLATION = MainActor;
				SWIFT_EMIT_LOC_STRINGS = YES;
				SWIFT_UPCOMING_FEATURE_MEMBER_IMPORT_VISIBILITY = YES;
				SWIFT_VERSION = 5.0;
				TARGETED_DEVICE_FAMILY = "1,2";
			};
			name = Debug;
		};
		6F9277EC30382CC7007EA6E8 /* Release */ = {
			isa = XCBuildConfiguration;
			buildSettings = {
				ASSETCATALOG_COMPILER_APPICON_NAME = AppIcon;
				ASSETCATALOG_COMPILER_GLOBAL_ACCENT_COLOR_NAME = AccentColor;
				CODE_SIGN_STYLE = Automatic;
				CURRENT_PROJECT_VERSION = 1;
				DEVELOPMENT_TEAM = L82Q8X2NF4;
				ENABLE_PREVIEWS = YES;
				GENERATE_INFOPLIST_FILE = YES;
				INFOPLIST_KEY_ITSAppUsesNonExemptEncryption = NO;
				INFOPLIST_KEY_ITSEncryptionExportComplianceCode = "";
				INFOPLIST_KEY_NSCameraUsageDescription = "\"We need access to your camera to scan dogs.\"";
				INFOPLIST_KEY_NSPhotoLibraryAddUsageDescription = "\"We need access to save annotated images to your library.\"";
				INFOPLIST_KEY_NSPhotoLibraryUsageDescription = "\"We need access to your photos to scan dog images.\"";
				INFOPLIST_KEY_UIApplicationSceneManifest_Generation = YES;
				INFOPLIST_KEY_UIApplicationSupportsIndirectInputEvents = YES;
				INFOPLIST_KEY_UILaunchScreen_Generation = YES;
				INFOPLIST_KEY_UISupportedInterfaceOrientations_iPad = "UIInterfaceOrientationPortrait UIInterfaceOrientationPortraitUpsideDown UIInterfaceOrientationLandscapeLeft UIInterfaceOrientationLandscapeRight";
				INFOPLIST_KEY_UISupportedInterfaceOrientations_iPhone = "UIInterfaceOrientationPortrait UIInterfaceOrientationLandscapeLeft UIInterfaceOrientationLandscapeRight";
				LD_RUNPATH_SEARCH_PATHS = (
					"$(inherited)",
					"@executable_path/Frameworks",
				);
				MARKETING_VERSION = 1.0;
				PRODUCT_BUNDLE_IDENTIFIER = com.DogLens;
				PRODUCT_NAME = "$(TARGET_NAME)";
				STRING_CATALOG_GENERATE_SYMBOLS = YES;
				SWIFT_APPROACHABLE_CONCURRENCY = YES;
				SWIFT_DEFAULT_ACTOR_ISOLATION = MainActor;
				SWIFT_EMIT_LOC_STRINGS = YES;
				SWIFT_UPCOMING_FEATURE_MEMBER_IMPORT_VISIBILITY = YES;
				SWIFT_VERSION = 5.0;
				TARGETED_DEVICE_FAMILY = "1,2";
			};
			name = Release;
		};
		6F9277EE30382CC7007EA6E8 /* Debug */ = {
			isa = XCBuildConfiguration;
			buildSettings = {
				BUNDLE_LOADER = "$(TEST_HOST)";
				CODE_SIGN_STYLE = Automatic;
				CURRENT_PROJECT_VERSION = 1;
				DEVELOPMENT_TEAM = L82Q8X2NF4;
				GENERATE_INFOPLIST_FILE = YES;
				IPHONEOS_DEPLOYMENT_TARGET = 26.5;
				MARKETING_VERSION = 1.0;
				PRODUCT_BUNDLE_IDENTIFIER = com.DogLensTests;
				PRODUCT_NAME = "$(TARGET_NAME)";
				STRING_CATALOG_GENERATE_SYMBOLS = NO;
				SWIFT_APPROACHABLE_CONCURRENCY = YES;
				SWIFT_EMIT_LOC_STRINGS = NO;
				SWIFT_UPCOMING_FEATURE_MEMBER_IMPORT_VISIBILITY = YES;
				SWIFT_VERSION = 5.0;
				TARGETED_DEVICE_FAMILY = "1,2";
				TEST_HOST = "$(BUILT_PRODUCTS_DIR)/DogLens.app/$(BUNDLE_EXECUTABLE_FOLDER_PATH)/DogLens";
			};
			name = Debug;
		};
		6F9277EF30382CC7007EA6E8 /* Release */ = {
			isa = XCBuildConfiguration;
			buildSettings = {
				BUNDLE_LOADER = "$(TEST_HOST)";
				CODE_SIGN_STYLE = Automatic;
				CURRENT_PROJECT_VERSION = 1;
				DEVELOPMENT_TEAM = L82Q8X2NF4;
				GENERATE_INFOPLIST_FILE = YES;
				IPHONEOS_DEPLOYMENT_TARGET = 26.5;
				MARKETING_VERSION = 1.0;
				PRODUCT_BUNDLE_IDENTIFIER = com.DogLensTests;
				PRODUCT_NAME = "$(TARGET_NAME)";
				STRING_CATALOG_GENERATE_SYMBOLS = NO;
				SWIFT_APPROACHABLE_CONCURRENCY = YES;
				SWIFT_EMIT_LOC_STRINGS = NO;
				SWIFT_UPCOMING_FEATURE_MEMBER_IMPORT_VISIBILITY = YES;
				SWIFT_VERSION = 5.0;
				TARGETED_DEVICE_FAMILY = "1,2";
				TEST_HOST = "$(BUILT_PRODUCTS_DIR)/DogLens.app/$(BUNDLE_EXECUTABLE_FOLDER_PATH)/DogLens";
			};
			name = Release;
		};
		6F9277F130382CC7007EA6E8 /* Debug */ = {
			isa = XCBuildConfiguration;
			buildSettings = {
				CODE_SIGN_STYLE = Automatic;
				CURRENT_PROJECT_VERSION = 1;
				DEVELOPMENT_TEAM = L82Q8X2NF4;
				GENERATE_INFOPLIST_FILE = YES;
				MARKETING_VERSION = 1.0;
				PRODUCT_BUNDLE_IDENTIFIER = com.DogLensUITests;
				PRODUCT_NAME = "$(TARGET_NAME)";
				STRING_CATALOG_GENERATE_SYMBOLS = NO;
				SWIFT_APPROACHABLE_CONCURRENCY = YES;
				SWIFT_EMIT_LOC_STRINGS = NO;
				SWIFT_UPCOMING_FEATURE_MEMBER_IMPORT_VISIBILITY = YES;
				SWIFT_VERSION = 5.0;
				TARGETED_DEVICE_FAMILY = "1,2";
				TEST_TARGET_NAME = DogLens;
			};
			name = Debug;
		};
		6F9277F230382CC7007EA6E8 /* Release */ = {
			isa = XCBuildConfiguration;
			buildSettings = {
				CODE_SIGN_STYLE = Automatic;
				CURRENT_PROJECT_VERSION = 1;
				DEVELOPMENT_TEAM = L82Q8X2NF4;
				GENERATE_INFOPLIST_FILE = YES;
				MARKETING_VERSION = 1.0;
				PRODUCT_BUNDLE_IDENTIFIER = com.DogLensUITests;
				PRODUCT_NAME = "$(TARGET_NAME)";
				STRING_CATALOG_GENERATE_SYMBOLS = NO;
				SWIFT_APPROACHABLE_CONCURRENCY = YES;
				SWIFT_EMIT_LOC_STRINGS = NO;
				SWIFT_UPCOMING_FEATURE_MEMBER_IMPORT_VISIBILITY = YES;
				SWIFT_VERSION = 5.0;
				TARGETED_DEVICE_FAMILY = "1,2";
				TEST_TARGET_NAME = DogLens;
			};
			name = Release;
		};
/* End XCBuildConfiguration section */

/* Begin XCConfigurationList section */
		6F9277C230382CC6007EA6E8 /* Build configuration list for PBXProject "DogLens" */ = {
			isa = XCConfigurationList;
			buildConfigurations = (
				6F9277E830382CC7007EA6E8 /* Debug */,
				6F9277E930382CC7007EA6E8 /* Release */,
			);
			defaultConfigurationIsVisible = 0;
			defaultConfigurationName = Release;
		};
		6F9277EA30382CC7007EA6E8 /* Build configuration list for PBXNativeTarget "DogLens" */ = {
			isa = XCConfigurationList;
			buildConfigurations = (
				6F9277EB30382CC7007EA6E8 /* Debug */,
				6F9277EC30382CC7007EA6E8 /* Release */,
			);
			defaultConfigurationIsVisible = 0;
			defaultConfigurationName = Release;
		};
		6F9277ED30382CC7007EA6E8 /* Build configuration list for PBXNativeTarget "DogLensTests" */ = {
			isa = XCConfigurationList;
			buildConfigurations = (
				6F9277EE30382CC7007EA6E8 /* Debug */,
				6F9277EF30382CC7007EA6E8 /* Release */,
			);
			defaultConfigurationIsVisible = 0;
			defaultConfigurationName = Release;
		};
		6F9277F030382CC7007EA6E8 /* Build configuration list for PBXNativeTarget "DogLensUITests" */ = {
			isa = XCConfigurationList;
			buildConfigurations = (
				6F9277F130382CC7007EA6E8 /* Debug */,
				6F9277F230382CC7007EA6E8 /* Release */,
			);
			defaultConfigurationIsVisible = 0;
			defaultConfigurationName = Release;
		};
/* End XCConfigurationList section */
	};
	rootObject = 6F9277BF30382CC6007EA6E8 /* Project object */;
}
